{
  "name": "2021news",
  "lockfileVersion": 3,
  "requires": true,
  "packages": {
    "": {
      "dependencies": {
        "@jupyter-widgets/base": "^6.0.10",
        "install": "^0.13.0",
        "marked": "^14.1.3",
        "node-html-parser": "^6.1.13",
        "openai": "^4.67.3"
      }
    },
    "node_modules/@jupyter-widgets/base": {
      "version": "6.0.10",
      "resolved": "https://registry.npmmirror.com/@jupyter-widgets/base/-/base-6.0.10.tgz",
      "integrity": "sha512-iJvBT4drhwd3kpfMXaIFoD+FZTqbm1pKNi8Gvv+Wggnefyw6SHugZ0hjHoBxZD362wEUM8fpHQmdj59KvXWg0g==",
      "license": "BSD-3-Clause",
      "dependencies": {
        "@jupyterlab/services": "^6.0.0 || ^7.0.0",
        "@lumino/coreutils": "^1.11.1 || ^2.1",
        "@lumino/messaging": "^1.10.1 || ^2.1",
        "@lumino/widgets": "^1.30.0 || ^2.1",
        "@types/backbone": "1.4.14",
        "@types/lodash": "^4.14.134",
        "backbone": "1.4.0",
        "jquery": "^3.1.1",
        "lodash": "^4.17.4"
      }
    },
    "node_modules/@jupyter/ydoc": {
      "version": "2.1.2",
      "resolved": "https://registry.npmmirror.com/@jupyter/ydoc/-/ydoc-2.1.2.tgz",
      "integrity": "sha512-eoKEh8GnasIsk+NHwgwoUf1YgFo81ysyOeNEj3+3/LvTHj4H9FVj2EDH1sVH8kft4CP+X4KdpYgSCqYyuZafVw==",
      "license": "BSD-3-Clause",
      "dependencies": {
        "@jupyterlab/nbformat": "^3.0.0 || ^4.0.0-alpha.21 || ^4.0.0",
        "@lumino/coreutils": "^1.11.0 || ^2.0.0",
        "@lumino/disposable": "^1.10.0 || ^2.0.0",
        "@lumino/signaling": "^1.10.0 || ^2.0.0",
        "y-protocols": "^1.0.5",
        "yjs": "^13.5.40"
      }
    },
    "node_modules/@jupyterlab/coreutils": {
      "version": "6.2.5",
      "resolved": "https://registry.npmmirror.com/@jupyterlab/coreutils/-/coreutils-6.2.5.tgz",
      "integrity": "sha512-P3HniEv3bZ3EvV3zUwCmruR713fclGvSTfsuwFPBgI8M3rNIZYqGQ13xkTun7Zl6DUr2E8mrC/cq9jNwxW33yw==",
      "license": "BSD-3-Clause",
      "dependencies": {
        "@lumino/coreutils": "^2.1.2",
        "@lumino/disposable": "^2.1.2",
        "@lumino/signaling": "^2.1.2",
        "minimist": "~1.2.0",
        "path-browserify": "^1.0.0",
        "url-parse": "~1.5.4"
      }
    },
    "node_modules/@jupyterlab/nbformat": {
      "version": "4.2.5",
      "resolved": "https://registry.npmmirror.com/@jupyterlab/nbformat/-/nbformat-4.2.5.tgz",
      "integrity": "sha512-DF8bdlsEziUR5oKUr3Mm0wUx7kHZjlAtEjD6oJ8cOogQqTrMyBnUAgVjPr9QQob5J7qiyzz9aW2DYtaX+jFhng==",
      "license": "BSD-3-Clause",
      "dependencies": {
        "@lumino/coreutils": "^2.1.2"
      }
    },
    "node_modules/@jupyterlab/services": {
      "version": "7.2.5",
      "resolved": "https://registry.npmmirror.com/@jupyterlab/services/-/services-7.2.5.tgz",
      "integrity": "sha512-Ya/jA8p8WOfiPPERinZasigsfSth54nNNWBQUrT2MEitdka3jVsjC3fR9R5XBpYQ59Qkczz782jMfXvaWNfCHQ==",
      "license": "BSD-3-Clause",
      "dependencies": {
        "@jupyter/ydoc": "^2.0.1",
        "@jupyterlab/coreutils": "^6.2.5",
        "@jupyterlab/nbformat": "^4.2.5",
        "@jupyterlab/settingregistry": "^4.2.5",
        "@jupyterlab/statedb": "^4.2.5",
        "@lumino/coreutils": "^2.1.2",
        "@lumino/disposable": "^2.1.2",
        "@lumino/polling": "^2.1.2",
        "@lumino/properties": "^2.0.1",
        "@lumino/signaling": "^2.1.2",
        "ws": "^8.11.0"
      }
    },
    "node_modules/@jupyterlab/settingregistry": {
      "version": "4.2.5",
      "resolved": "https://registry.npmmirror.com/@jupyterlab/settingregistry/-/settingregistry-4.2.5.tgz",
      "integrity": "sha512-RTHwFoldrP8h4hMxZrKafrOt3mLYKAcmUsnExkzKCqHuc3CIOh9hj+eN3gCh1mxjabbP9QIK0/08e89Rp/EG5w==",
      "license": "BSD-3-Clause",
      "dependencies": {
        "@jupyterlab/nbformat": "^4.2.5",
        "@jupyterlab/statedb": "^4.2.5",
        "@lumino/commands": "^2.3.0",
        "@lumino/coreutils": "^2.1.2",
        "@lumino/disposable": "^2.1.2",
        "@lumino/signaling": "^2.1.2",
        "@rjsf/utils": "^5.13.4",
        "ajv": "^8.12.0",
        "json5": "^2.2.3"
      },
      "peerDependencies": {
        "react": ">=16"
      }
    },
    "node_modules/@jupyterlab/statedb": {
      "version": "4.2.5",
      "resolved": "https://registry.npmmirror.com/@jupyterlab/statedb/-/statedb-4.2.5.tgz",
      "integrity": "sha512-GGP4NSkVzcn/zYZyjKId8OvDxq+JQTHEmiE2ayzUvvP4BwpGJ2GafY1V+QT5Tl+4SB0AzowpNud6XHUJ28M/tA==",
      "license": "BSD-3-Clause",
      "dependencies": {
        "@lumino/commands": "^2.3.0",
        "@lumino/coreutils": "^2.1.2",
        "@lumino/disposable": "^2.1.2",
        "@lumino/properties": "^2.0.1",
        "@lumino/signaling": "^2.1.2"
      }
    },
    "node_modules/@lumino/algorithm": {
      "version": "2.0.2",
      "resolved": "https://registry.npmmirror.com/@lumino/algorithm/-/algorithm-2.0.2.tgz",
      "integrity": "sha512-cI8yJ2+QK1yM5ZRU3Kuaw9fJ/64JEDZEwWWp7+U0cd/mvcZ44BGdJJ29w+tIet1QXxPAvnsUleWyQ5qm4qUouA==",
      "license": "BSD-3-Clause"
    },
    "node_modules/@lumino/collections": {
      "version": "1.9.3",
      "resolved": "https://registry.npmmirror.com/@lumino/collections/-/collections-1.9.3.tgz",
      "integrity": "sha512-2i2Wf1xnfTgEgdyKEpqM16bcYRIhUOGCDzaVCEZACVG9R1CgYwOe3zfn71slBQOVSjjRgwYrgLXu4MBpt6YK+g==",
      "license": "BSD-3-Clause",
      "dependencies": {
        "@lumino/algorithm": "^1.9.2"
      }
    },
    "node_modules/@lumino/collections/node_modules/@lumino/algorithm": {
      "version": "1.9.2",
      "resolved": "https://registry.npmmirror.com/@lumino/algorithm/-/algorithm-1.9.2.tgz",
      "integrity": "sha512-Z06lp/yuhz8CtIir3PNTGnuk7909eXt4ukJsCzChsGuot2l5Fbs96RJ/FOHgwCedaX74CtxPjXHXoszFbUA+4A==",
      "license": "BSD-3-Clause"
    },
    "node_modules/@lumino/commands": {
      "version": "2.3.1",
      "resolved": "https://registry.npmmirror.com/@lumino/commands/-/commands-2.3.1.tgz",
      "integrity": "sha512-DpX1kkE4PhILpvK1T4ZnaFb6UP4+YTkdZifvN3nbiomD64O2CTd+wcWIBpZMgy6MMgbVgrE8dzHxHk1EsKxNxw==",
      "license": "BSD-3-Clause",
      "dependencies": {
        "@lumino/algorithm": "^2.0.2",
        "@lumino/coreutils": "^2.2.0",
        "@lumino/disposable": "^2.1.3",
        "@lumino/domutils": "^2.0.2",
        "@lumino/keyboard": "^2.0.2",
        "@lumino/signaling": "^2.1.3",
        "@lumino/virtualdom": "^2.0.2"
      }
    },
    "node_modules/@lumino/coreutils": {
      "version": "2.2.0",
      "resolved": "https://registry.npmmirror.com/@lumino/coreutils/-/coreutils-2.2.0.tgz",
      "integrity": "sha512-x5wnQ/GjWBayJ6vXVaUi6+Q6ETDdcUiH9eSfpRZFbgMQyyM6pi6baKqJBK2CHkCc/YbAEl6ipApTgm3KOJ/I3g==",
      "license": "BSD-3-Clause",
      "dependencies": {
        "@lumino/algorithm": "^2.0.2"
      }
    },
    "node_modules/@lumino/disposable": {
      "version": "2.1.3",
      "resolved": "https://registry.npmmirror.com/@lumino/disposable/-/disposable-2.1.3.tgz",
      "integrity": "sha512-k5KXy/+T3UItiWHY4WwQawnsJnGo3aNtP5CTRKqo4+tbTNuhc3rTSvygJlNKIbEfIZXW2EWYnwfFDozkYx95eA==",
      "license": "BSD-3-Clause",
      "dependencies": {
        "@lumino/signaling": "^2.1.3"
      }
    },
    "node_modules/@lumino/domutils": {
      "version": "2.0.2",
      "resolved": "https://registry.npmmirror.com/@lumino/domutils/-/domutils-2.0.2.tgz",
      "integrity": "sha512-2Kp6YHaMNI1rKB0PrALvOsZBHPy2EvVVAvJLWjlCm8MpWOVETjFp0MA9QpMubT9I76aKbaI5s1o1NJyZ8Y99pQ==",
      "license": "BSD-3-Clause"
    },
    "node_modules/@lumino/dragdrop": {
      "version": "2.1.5",
      "resolved": "https://registry.npmmirror.com/@lumino/dragdrop/-/dragdrop-2.1.5.tgz",
      "integrity": "sha512-zqwR4GakrQBKZOW6S5pj2nfrQDurOErAoe9x3HS3BKLa1AzWA+t9PD5NESOKd81NqXFHjiMirSyFkTUs6pw+uA==",
      "license": "BSD-3-Clause",
      "dependencies": {
        "@lumino/coreutils": "^2.2.0",
        "@lumino/disposable": "^2.1.3"
      }
    },
    "node_modules/@lumino/keyboard": {
      "version": "2.0.2",
      "resolved": "https://registry.npmmirror.com/@lumino/keyboard/-/keyboard-2.0.2.tgz",
      "integrity": "sha512-icRUpvswDaFjqmAJNbQRb/aTu6Iugo6Y2oC08TiIwhQtLS9W+Ee9VofdqvbPSvCm6DkyP+DCWMuA3KXZ4V4g4g==",
      "license": "BSD-3-Clause"
    },
    "node_modules/@lumino/messaging": {
      "version": "1.10.3",
      "resolved": "https://registry.npmmirror.com/@lumino/messaging/-/messaging-1.10.3.tgz",
      "integrity": "sha512-F/KOwMCdqvdEG8CYAJcBSadzp6aI7a47Fr60zAKGqZATSRRRV41q53iXU7HjFPqQqQIvdn9Z7J32rBEAyQAzww==",
      "license": "BSD-3-Clause",
      "dependencies": {
        "@lumino/algorithm": "^1.9.2",
        "@lumino/collections": "^1.9.3"
      }
    },
    "node_modules/@lumino/messaging/node_modules/@lumino/algorithm": {
      "version": "1.9.2",
      "resolved": "https://registry.npmmirror.com/@lumino/algorithm/-/algorithm-1.9.2.tgz",
      "integrity": "sha512-Z06lp/yuhz8CtIir3PNTGnuk7909eXt4ukJsCzChsGuot2l5Fbs96RJ/FOHgwCedaX74CtxPjXHXoszFbUA+4A==",
      "license": "BSD-3-Clause"
    },
    "node_modules/@lumino/polling": {
      "version": "2.1.3",
      "resolved": "https://registry.npmmirror.com/@lumino/polling/-/polling-2.1.3.tgz",
      "integrity": "sha512-WEZk96ddK6eHEhdDkFUAAA40EOLit86QVbqQqnbPmhdGwFogek26Kq9b1U273LJeirv95zXCATOJAkjRyb7D+w==",
      "license": "BSD-3-Clause",
      "dependencies": {
        "@lumino/coreutils": "^2.2.0",
        "@lumino/disposable": "^2.1.3",
        "@lumino/signaling": "^2.1.3"
      }
    },
    "node_modules/@lumino/properties": {
      "version": "2.0.2",
      "resolved": "https://registry.npmmirror.com/@lumino/properties/-/properties-2.0.2.tgz",
      "integrity": "sha512-b312oA3Bh97WFK8efXejYmC3DVJmvzJk72LQB7H3fXhfqS5jUWvL7MSnNmgcQvGzl9fIhDWDWjhtSTi0KGYYBg==",
      "license": "BSD-3-Clause"
    },
    "node_modules/@lumino/signaling": {
      "version": "2.1.3",
      "resolved": "https://registry.npmmirror.com/@lumino/signaling/-/signaling-2.1.3.tgz",
      "integrity": "sha512-9Wd4iMk8F1i6pYjy65bqKuPlzQMicyL9xy1/ccS20kovPcfD074waneL/7BVe+3M8i+fGa3x2qjbWrBzOdTdNw==",
      "license": "BSD-3-Clause",
      "dependencies": {
        "@lumino/algorithm": "^2.0.2",
        "@lumino/coreutils": "^2.2.0"
      }
    },
    "node_modules/@lumino/virtualdom": {
      "version": "2.0.2",
      "resolved": "https://registry.npmmirror.com/@lumino/virtualdom/-/virtualdom-2.0.2.tgz",
      "integrity": "sha512-HYZThOtZSoknjdXA102xpy5CiXtTFCVz45EXdWeYLx3NhuEwuAIX93QBBIhupalmtFlRg1yhdDNV40HxJ4kcXg==",
      "license": "BSD-3-Clause",
      "dependencies": {
        "@lumino/algorithm": "^2.0.2"
      }
    },
    "node_modules/@lumino/widgets": {
      "version": "2.5.0",
      "resolved": "https://registry.npmmirror.com/@lumino/widgets/-/widgets-2.5.0.tgz",
      "integrity": "sha512-RSRpc6aIEiuw79jqWUHYWXLJ2GBy7vhwuqgo94UVzg6oeh3XBECX0OvXGjK2k7N2BhmRrIs9bXky7Dm861S6mQ==",
      "license": "BSD-3-Clause",
      "dependencies": {
        "@lumino/algorithm": "^2.0.2",
        "@lumino/commands": "^2.3.1",
        "@lumino/coreutils": "^2.2.0",
        "@lumino/disposable": "^2.1.3",
        "@lumino/domutils": "^2.0.2",
        "@lumino/dragdrop": "^2.1.5",
        "@lumino/keyboard": "^2.0.2",
        "@lumino/messaging": "^2.0.2",
        "@lumino/properties": "^2.0.2",
        "@lumino/signaling": "^2.1.3",
        "@lumino/virtualdom": "^2.0.2"
      }
    },
    "node_modules/@lumino/widgets/node_modules/@lumino/collections": {
      "version": "2.0.2",
      "resolved": "https://registry.npmmirror.com/@lumino/collections/-/collections-2.0.2.tgz",
      "integrity": "sha512-o0QmfV1D3WhAeA8GI1/YmEPaK89JtHVa764rQ5T0LdbDEwUtUDbjavHs1E/+y66tNTXz9RUJ4D2rcSb9tysYsg==",
      "license": "BSD-3-Clause",
      "dependencies": {
        "@lumino/algorithm": "^2.0.2"
      }
    },
    "node_modules/@lumino/widgets/node_modules/@lumino/messaging": {
      "version": "2.0.2",
      "resolved": "https://registry.npmmirror.com/@lumino/messaging/-/messaging-2.0.2.tgz",
      "integrity": "sha512-2sUF07cYA0f3mDil41Eh5sfBk0aGAH/mOh1I4+vyRUsKyBqp4WTUtpJFd8xVJGAntygxwnebIygkIaXXTIQvxA==",
      "license": "BSD-3-Clause",
      "dependencies": {
        "@lumino/algorithm": "^2.0.2",
        "@lumino/collections": "^2.0.2"
      }
    },
    "node_modules/@rjsf/utils": {
      "version": "5.21.2",
      "resolved": "https://registry.npmmirror.com/@rjsf/utils/-/utils-5.21.2.tgz",
      "integrity": "sha512-e/Fn5rOUQCyR+QqK7tyJyleojAOkwa7N606ohiQsq2DebQ4TWuw/PuODCp3HUPAjdiwEVa2fsnGe0rELL5NGLg==",
      "license": "Apache-2.0",
      "dependencies": {
        "json-schema-merge-allof": "^0.8.1",
        "jsonpointer": "^5.0.1",
        "lodash": "^4.17.21",
        "lodash-es": "^4.17.21",
        "react-is": "^18.2.0"
      },
      "engines": {
        "node": ">=14"
      },
      "peerDependencies": {
        "react": "^16.14.0 || >=17"
      }
    },
    "node_modules/@types/backbone": {
      "version": "1.4.14",
      "resolved": "https://registry.npmmirror.com/@types/backbone/-/backbone-1.4.14.tgz",
      "integrity": "sha512-85ldQ99fiYTJFBlZuAJRaCdvTZKZ2p1fSs3fVf+6Ub6k1X0g0hNJ0qJ/2FOByyyAQYLtbEz3shX5taKQfBKBDw==",
      "license": "MIT",
      "dependencies": {
        "@types/jquery": "*",
        "@types/underscore": "*"
      }
    },
    "node_modules/@types/jquery": {
      "version": "3.5.31",
      "resolved": "https://registry.npmmirror.com/@types/jquery/-/jquery-3.5.31.tgz",
      "integrity": "sha512-rf/iB+cPJ/YZfMwr+FVuQbm7IaWC4y3FVYfVDxRGqmUCFjjPII0HWaP0vTPJGp6m4o13AXySCcMbWfrWtBFAKw==",
      "license": "MIT",
      "dependencies": {
        "@types/sizzle": "*"
      }
    },
    "node_modules/@types/lodash": {
      "version": "4.17.10",
      "resolved": "https://registry.npmmirror.com/@types/lodash/-/lodash-4.17.10.tgz",
      "integrity": "sha512-YpS0zzoduEhuOWjAotS6A5AVCva7X4lVlYLF0FYHAY9sdraBfnatttHItlWeZdGhuEkf+OzMNg2ZYAx8t+52uQ==",
      "license": "MIT"
    },
    "node_modules/@types/node": {
      "version": "18.19.55",
      "resolved": "https://registry.npmmirror.com/@types/node/-/node-18.19.55.tgz",
      "integrity": "sha512-zzw5Vw52205Zr/nmErSEkN5FLqXPuKX/k5d1D7RKHATGqU7y6YfX9QxZraUzUrFGqH6XzOzG196BC35ltJC4Cw==",
      "dependencies": {
        "undici-types": "~5.26.4"
      }
    },
    "node_modules/@types/node-fetch": {
      "version": "2.6.11",
      "resolved": "https://registry.npmmirror.com/@types/node-fetch/-/node-fetch-2.6.11.tgz",
      "integrity": "sha512-24xFj9R5+rfQJLRyM56qh+wnVSYhyXC2tkoBndtY0U+vubqNsYXGjufB2nn8Q6gt0LrARwL6UBtMCSVCwl4B1g==",
      "dependencies": {
        "@types/node": "*",
        "form-data": "^4.0.0"
      }
    },
    "node_modules/@types/sizzle": {
      "version": "2.3.8",
      "resolved": "https://registry.npmmirror.com/@types/sizzle/-/sizzle-2.3.8.tgz",
      "integrity": "sha512-0vWLNK2D5MT9dg0iOo8GlKguPAU02QjmZitPEsXRuJXU/OGIOt9vT9Fc26wtYuavLxtO45v9PGleoL9Z0k1LHg==",
      "license": "MIT"
    },
    "node_modules/@types/underscore": {
      "version": "1.11.15",
      "resolved": "https://registry.npmmirror.com/@types/underscore/-/underscore-1.11.15.tgz",
      "integrity": "sha512-HP38xE+GuWGlbSRq9WrZkousaQ7dragtZCruBVMi0oX1migFZavZ3OROKHSkNp/9ouq82zrWtZpg18jFnVN96g==",
      "license": "MIT"
    },
    "node_modules/abort-controller": {
      "version": "3.0.0",
      "resolved": "https://registry.npmmirror.com/abort-controller/-/abort-controller-3.0.0.tgz",
      "integrity": "sha512-h8lQ8tacZYnR3vNQTgibj+tODHI5/+l06Au2Pcriv/Gmet0eaj4TwWH41sO9wnHDiQsEj19q0drzdWdeAHtweg==",
      "dependencies": {
        "event-target-shim": "^5.0.0"
      },
      "engines": {
        "node": ">=6.5"
      }
    },
    "node_modules/agentkeepalive": {
      "version": "4.5.0",
      "resolved": "https://registry.npmmirror.com/agentkeepalive/-/agentkeepalive-4.5.0.tgz",
      "integrity": "sha512-5GG/5IbQQpC9FpkRGsSvZI5QYeSCzlJHdpBQntCsuTOxhKD8lqKhrleg2Yi7yvMIf82Ycmmqln9U8V9qwEiJew==",
      "dependencies": {
        "humanize-ms": "^1.2.1"
      },
      "engines": {
        "node": ">= 8.0.0"
      }
    },
    "node_modules/ajv": {
      "version": "8.17.1",
      "resolved": "https://registry.npmmirror.com/ajv/-/ajv-8.17.1.tgz",
      "integrity": "sha512-B/gBuNg5SiMTrPkC+A2+cW0RszwxYmn6VYxB/inlBStS5nx6xHIt/ehKRhIMhqusl7a8LjQoZnjCs5vhwxOQ1g==",
      "license": "MIT",
      "dependencies": {
        "fast-deep-equal": "^3.1.3",
        "fast-uri": "^3.0.1",
        "json-schema-traverse": "^1.0.0",
        "require-from-string": "^2.0.2"
      },
      "funding": {
        "type": "github",
        "url": "https://github.com/sponsors/epoberezkin"
      }
    },
    "node_modules/asynckit": {
      "version": "0.4.0",
      "resolved": "https://registry.npmmirror.com/asynckit/-/asynckit-0.4.0.tgz",
      "integrity": "sha512-Oei9OH4tRh0YqU3GxhX79dM/mwVgvbZJaSNaRk+bshkj0S5cfHcgYakreBjrHwatXKbz+IoIdYLxrKim2MjW0Q=="
    },
    "node_modules/backbone": {
      "version": "1.4.0",
      "resolved": "https://registry.npmmirror.com/backbone/-/backbone-1.4.0.tgz",
      "integrity": "sha512-RLmDrRXkVdouTg38jcgHhyQ/2zjg7a8E6sz2zxfz21Hh17xDJYUHBZimVIt5fUyS8vbfpeSmTL3gUjTEvUV3qQ==",
      "license": "MIT",
      "dependencies": {
        "underscore": ">=1.8.3"
      }
    },
    "node_modules/boolbase": {
      "version": "1.0.0",
      "resolved": "https://registry.npmmirror.com/boolbase/-/boolbase-1.0.0.tgz",
      "integrity": "sha512-JZOSA7Mo9sNGB8+UjSgzdLtokWAky1zbztM3WRLCbZ70/3cTANmQmOdR7y2g+J0e2WXywy1yS468tY+IruqEww==",
      "license": "ISC"
    },
    "node_modules/combined-stream": {
      "version": "1.0.8",
      "resolved": "https://registry.npmmirror.com/combined-stream/-/combined-stream-1.0.8.tgz",
      "integrity": "sha512-FQN4MRfuJeHf7cBbBMJFXhKSDq+2kAArBlmRBvcvFE5BB1HZKXtSFASDhdlz9zOYwxh8lDdnvmMOe/+5cdoEdg==",
      "dependencies": {
        "delayed-stream": "~1.0.0"
      },
      "engines": {
        "node": ">= 0.8"
      }
    },
    "node_modules/compute-gcd": {
      "version": "1.2.1",
      "resolved": "https://registry.npmmirror.com/compute-gcd/-/compute-gcd-1.2.1.tgz",
      "integrity": "sha512-TwMbxBNz0l71+8Sc4czv13h4kEqnchV9igQZBi6QUaz09dnz13juGnnaWWJTRsP3brxOoxeB4SA2WELLw1hCtg==",
      "dependencies": {
        "validate.io-array": "^1.0.3",
        "validate.io-function": "^1.0.2",
        "validate.io-integer-array": "^1.0.0"
      }
    },
    "node_modules/compute-lcm": {
      "version": "1.1.2",
      "resolved": "https://registry.npmmirror.com/compute-lcm/-/compute-lcm-1.1.2.tgz",
      "integrity": "sha512-OFNPdQAXnQhDSKioX8/XYT6sdUlXwpeMjfd6ApxMJfyZ4GxmLR1xvMERctlYhlHwIiz6CSpBc2+qYKjHGZw4TQ==",
      "dependencies": {
        "compute-gcd": "^1.2.1",
        "validate.io-array": "^1.0.3",
        "validate.io-function": "^1.0.2",
        "validate.io-integer-array": "^1.0.0"
      }
    },
    "node_modules/css-select": {
      "version": "5.1.0",
      "resolved": "https://registry.npmmirror.com/css-select/-/css-select-5.1.0.tgz",
      "integrity": "sha512-nwoRF1rvRRnnCqqY7updORDsuqKzqYJ28+oSMaJMMgOauh3fvwHqMS7EZpIPqK8GL+g9mKxF1vP/ZjSeNjEVHg==",
      "license": "BSD-2-Clause",
      "dependencies": {
        "boolbase": "^1.0.0",
        "css-what": "^6.1.0",
        "domhandler": "^5.0.2",
        "domutils": "^3.0.1",
        "nth-check": "^2.0.1"
      },
      "funding": {
        "url": "https://github.com/sponsors/fb55"
      }
    },
    "node_modules/css-what": {
      "version": "6.1.0",
      "resolved": "https://registry.npmmirror.com/css-what/-/css-what-6.1.0.tgz",
      "integrity": "sha512-HTUrgRJ7r4dsZKU6GjmpfRK1O76h97Z8MfS1G0FozR+oF2kG6Vfe8JE6zwrkbxigziPHinCJ+gCPjA9EaBDtRw==",
      "license": "BSD-2-Clause",
      "engines": {
        "node": ">= 6"
      },
      "funding": {
        "url": "https://github.com/sponsors/fb55"
      }
    },
    "node_modules/delayed-stream": {
      "version": "1.0.0",
      "resolved": "https://registry.npmmirror.com/delayed-stream/-/delayed-stream-1.0.0.tgz",
      "integrity": "sha512-ZySD7Nf91aLB0RxL4KGrKHBXl7Eds1DAmEdcoVawXnLD7SDhpNgtuII2aAkg7a7QS41jxPSZ17p4VdGnMHk3MQ==",
      "engines": {
        "node": ">=0.4.0"
      }
    },
    "node_modules/dom-serializer": {
      "version": "2.0.0",
      "resolved": "https://registry.npmmirror.com/dom-serializer/-/dom-serializer-2.0.0.tgz",
      "integrity": "sha512-wIkAryiqt/nV5EQKqQpo3SToSOV9J0DnbJqwK7Wv/Trc92zIAYZ4FlMu+JPFW1DfGFt81ZTCGgDEabffXeLyJg==",
      "license": "MIT",
      "dependencies": {
        "domelementtype": "^2.3.0",
        "domhandler": "^5.0.2",
        "entities": "^4.2.0"
      },
      "funding": {
        "url": "https://github.com/cheeriojs/dom-serializer?sponsor=1"
      }
    },
    "node_modules/domelementtype": {
      "version": "2.3.0",
      "resolved": "https://registry.npmmirror.com/domelementtype/-/domelementtype-2.3.0.tgz",
      "integrity": "sha512-OLETBj6w0OsagBwdXnPdN0cnMfF9opN69co+7ZrbfPGrdpPVNBUj02spi6B1N7wChLQiPn4CSH/zJvXw56gmHw==",
      "funding": [
        {
          "type": "github",
          "url": "https://github.com/sponsors/fb55"
        }
      ],
      "license": "BSD-2-Clause"
    },
    "node_modules/domhandler": {
      "version": "5.0.3",
      "resolved": "https://registry.npmmirror.com/domhandler/-/domhandler-5.0.3.tgz",
      "integrity": "sha512-cgwlv/1iFQiFnU96XXgROh8xTeetsnJiDsTc7TYCLFd9+/WNkIqPTxiM/8pSd8VIrhXGTf1Ny1q1hquVqDJB5w==",
      "license": "BSD-2-Clause",
      "dependencies": {
        "domelementtype": "^2.3.0"
      },
      "engines": {
        "node": ">= 4"
      },
      "funding": {
        "url": "https://github.com/fb55/domhandler?sponsor=1"
      }
    },
    "node_modules/domutils": {
      "version": "3.1.0",
      "resolved": "https://registry.npmmirror.com/domutils/-/domutils-3.1.0.tgz",
      "integrity": "sha512-H78uMmQtI2AhgDJjWeQmHwJJ2bLPD3GMmO7Zja/ZZh84wkm+4ut+IUnUdRa8uCGX88DiVx1j6FRe1XfxEgjEZA==",
      "license": "BSD-2-Clause",
      "dependencies": {
        "dom-serializer": "^2.0.0",
        "domelementtype": "^2.3.0",
        "domhandler": "^5.0.3"
      },
      "funding": {
        "url": "https://github.com/fb55/domutils?sponsor=1"
      }
    },
    "node_modules/entities": {
      "version": "4.5.0",
      "resolved": "https://registry.npmmirror.com/entities/-/entities-4.5.0.tgz",
      "integrity": "sha512-V0hjH4dGPh9Ao5p0MoRY6BVqtwCjhz6vI5LT8AJ55H+4g9/4vbHx1I54fS0XuclLhDHArPQCiMjDxjaL8fPxhw==",
      "license": "BSD-2-Clause",
      "engines": {
        "node": ">=0.12"
      },
      "funding": {
        "url": "https://github.com/fb55/entities?sponsor=1"
      }
    },
    "node_modules/event-target-shim": {
      "version": "5.0.1",
      "resolved": "https://registry.npmmirror.com/event-target-shim/-/event-target-shim-5.0.1.tgz",
      "integrity": "sha512-i/2XbnSz/uxRCU6+NdVJgKWDTM427+MqYbkQzD321DuCQJUqOuJKIA0IM2+W2xtYHdKOmZ4dR6fExsd4SXL+WQ==",
      "engines": {
        "node": ">=6"
      }
    },
    "node_modules/fast-deep-equal": {
      "version": "3.1.3",
      "resolved": "https://registry.npmmirror.com/fast-deep-equal/-/fast-deep-equal-3.1.3.tgz",
      "integrity": "sha512-f3qQ9oQy9j2AhBe/H9VC91wLmKBCCU/gDOnKNAYG5hswO7BLKj09Hc5HYNz9cGI++xlpDCIgDaitVs03ATR84Q==",
      "license": "MIT"
    },
    "node_modules/fast-uri": {
      "version": "3.0.3",
      "resolved": "https://registry.npmmirror.com/fast-uri/-/fast-uri-3.0.3.tgz",
      "integrity": "sha512-aLrHthzCjH5He4Z2H9YZ+v6Ujb9ocRuW6ZzkJQOrTxleEijANq4v1TsaPaVG1PZcuurEzrLcWRyYBYXD5cEiaw==",
      "license": "BSD-3-Clause"
    },
    "node_modules/form-data": {
      "version": "4.0.0",
      "resolved": "https://registry.npmmirror.com/form-data/-/form-data-4.0.0.tgz",
      "integrity": "sha512-ETEklSGi5t0QMZuiXoA/Q6vcnxcLQP5vdugSpuAyi6SVGi2clPPp+xgEhuMaHC+zGgn31Kd235W35f7Hykkaww==",
      "dependencies": {
        "asynckit": "^0.4.0",
        "combined-stream": "^1.0.8",
        "mime-types": "^2.1.12"
      },
      "engines": {
        "node": ">= 6"
      }
    },
    "node_modules/form-data-encoder": {
      "version": "1.7.2",
      "resolved": "https://registry.npmmirror.com/form-data-encoder/-/form-data-encoder-1.7.2.tgz",
      "integrity": "sha512-qfqtYan3rxrnCk1VYaA4H+Ms9xdpPqvLZa6xmMgFvhO32x7/3J/ExcTd6qpxM0vH2GdMI+poehyBZvqfMTto8A=="
    },
    "node_modules/formdata-node": {
      "version": "4.4.1",
      "resolved": "https://registry.npmmirror.com/formdata-node/-/formdata-node-4.4.1.tgz",
      "integrity": "sha512-0iirZp3uVDjVGt9p49aTaqjk84TrglENEDuqfdlZQ1roC9CWlPk6Avf8EEnZNcAqPonwkG35x4n3ww/1THYAeQ==",
      "dependencies": {
        "node-domexception": "1.0.0",
        "web-streams-polyfill": "4.0.0-beta.3"
      },
      "engines": {
        "node": ">= 12.20"
      }
    },
    "node_modules/he": {
      "version": "1.2.0",
      "resolved": "https://registry.npmmirror.com/he/-/he-1.2.0.tgz",
      "integrity": "sha512-F/1DnUGPopORZi0ni+CvrCgHQ5FyEAHRLSApuYWMmrbSwoN2Mn/7k+Gl38gJnR7yyDZk6WLXwiGod1JOWNDKGw==",
      "license": "MIT",
      "bin": {
        "he": "bin/he"
      }
    },
    "node_modules/humanize-ms": {
      "version": "1.2.1",
      "resolved": "https://registry.npmmirror.com/humanize-ms/-/humanize-ms-1.2.1.tgz",
      "integrity": "sha512-Fl70vYtsAFb/C06PTS9dZBo7ihau+Tu/DNCk/OyHhea07S+aeMWpFFkUaXRa8fI+ScZbEI8dfSxwY7gxZ9SAVQ==",
      "dependencies": {
        "ms": "^2.0.0"
      }
    },
    "node_modules/install": {
      "version": "0.13.0",
      "resolved": "https://registry.npmmirror.com/install/-/install-0.13.0.tgz",
      "integrity": "sha512-zDml/jzr2PKU9I8J/xyZBQn8rPCAY//UOYNmR01XwNwyfhEWObo2SWfSl1+0tm1u6PhxLwDnfsT/6jB7OUxqFA==",
      "license": "MIT",
      "engines": {
        "node": ">= 0.10"
      }
    },
    "node_modules/isomorphic.js": {
      "version": "0.2.5",
      "resolved": "https://registry.npmmirror.com/isomorphic.js/-/isomorphic.js-0.2.5.tgz",
      "integrity": "sha512-PIeMbHqMt4DnUP3MA/Flc0HElYjMXArsw1qwJZcm9sqR8mq3l8NYizFMty0pWwE/tzIGH3EKK5+jes5mAr85yw==",
      "license": "MIT",
      "funding": {
        "type": "GitHub Sponsors ❤",
        "url": "https://github.com/sponsors/dmonad"
      }
    },
    "node_modules/jquery": {
      "version": "3.7.1",
      "resolved": "https://registry.npmmirror.com/jquery/-/jquery-3.7.1.tgz",
      "integrity": "sha512-m4avr8yL8kmFN8psrbFFFmB/If14iN5o9nw/NgnnM+kybDJpRsAynV2BsfpTYrTRysYUdADVD7CkUUizgkpLfg==",
      "license": "MIT"
    },
    "node_modules/js-tokens": {
      "version": "4.0.0",
      "resolved": "https://registry.npmmirror.com/js-tokens/-/js-tokens-4.0.0.tgz",
      "integrity": "sha512-RdJUflcE3cUzKiMqQgsCu06FPu9UdIJO0beYbPhHN4k6apgJtifcoCtT9bcxOpYBtpD2kCM6Sbzg4CausW/PKQ==",
      "license": "MIT",
      "peer": true
    },
    "node_modules/json-schema-compare": {
      "version": "0.2.2",
      "resolved": "https://registry.npmmirror.com/json-schema-compare/-/json-schema-compare-0.2.2.tgz",
      "integrity": "sha512-c4WYmDKyJXhs7WWvAWm3uIYnfyWFoIp+JEoX34rctVvEkMYCPGhXtvmFFXiffBbxfZsvQ0RNnV5H7GvDF5HCqQ==",
      "license": "MIT",
      "dependencies": {
        "lodash": "^4.17.4"
      }
    },
    "node_modules/json-schema-merge-allof": {
      "version": "0.8.1",
      "resolved": "https://registry.npmmirror.com/json-schema-merge-allof/-/json-schema-merge-allof-0.8.1.tgz",
      "integrity": "sha512-CTUKmIlPJbsWfzRRnOXz+0MjIqvnleIXwFTzz+t9T86HnYX/Rozria6ZVGLktAU9e+NygNljveP+yxqtQp/Q4w==",
      "license": "MIT",
      "dependencies": {
        "compute-lcm": "^1.1.2",
        "json-schema-compare": "^0.2.2",
        "lodash": "^4.17.20"
      },
      "engines": {
        "node": ">=12.0.0"
      }
    },
    "node_modules/json-schema-traverse": {
      "version": "1.0.0",
      "resolved": "https://registry.npmmirror.com/json-schema-traverse/-/json-schema-traverse-1.0.0.tgz",
      "integrity": "sha512-NM8/P9n3XjXhIZn1lLhkFaACTOURQXjWhV4BA/RnOv8xvgqtqpAX9IO4mRQxSx1Rlo4tqzeqb0sOlruaOy3dug==",
      "license": "MIT"
    },
    "node_modules/json5": {
      "version": "2.2.3",
      "resolved": "https://registry.npmmirror.com/json5/-/json5-2.2.3.tgz",
      "integrity": "sha512-XmOWe7eyHYH14cLdVPoyg+GOH3rYX++KpzrylJwSW98t3Nk+U8XOl8FWKOgwtzdb8lXGf6zYwDUzeHMWfxasyg==",
      "license": "MIT",
      "bin": {
        "json5": "lib/cli.js"
      },
      "engines": {
        "node": ">=6"
      }
    },
    "node_modules/jsonpointer": {
      "version": "5.0.1",
      "resolved": "https://registry.npmmirror.com/jsonpointer/-/jsonpointer-5.0.1.tgz",
      "integrity": "sha512-p/nXbhSEcu3pZRdkW1OfJhpsVtW1gd4Wa1fnQc9YLiTfAjn0312eMKimbdIQzuZl9aa9xUGaRlP9T/CJE/ditQ==",
      "license": "MIT",
      "engines": {
        "node": ">=0.10.0"
      }
    },
    "node_modules/lib0": {
      "version": "0.2.98",
      "resolved": "https://registry.npmmirror.com/lib0/-/lib0-0.2.98.tgz",
      "integrity": "sha512-XteTiNO0qEXqqweWx+b21p/fBnNHUA1NwAtJNJek1oPrewEZs2uiT4gWivHKr9GqCjDPAhchz0UQO8NwU3bBNA==",
      "license": "MIT",
      "dependencies": {
        "isomorphic.js": "^0.2.4"
      },
      "bin": {
        "0ecdsa-generate-keypair": "bin/0ecdsa-generate-keypair.js",
        "0gentesthtml": "bin/gentesthtml.js",
        "0serve": "bin/0serve.js"
      },
      "engines": {
        "node": ">=16"
      },
      "funding": {
        "type": "GitHub Sponsors ❤",
        "url": "https://github.com/sponsors/dmonad"
      }
    },
    "node_modules/lodash": {
      "version": "4.17.21",
      "resolved": "https://registry.npmmirror.com/lodash/-/lodash-4.17.21.tgz",
      "integrity": "sha512-v2kDEe57lecTulaDIuNTPy3Ry4gLGJ6Z1O3vE1krgXZNrsQ+LFTGHVxVjcXPs17LhbZVGedAJv8XZ1tvj5FvSg==",
      "license": "MIT"
    },
    "node_modules/lodash-es": {
      "version": "4.17.21",
      "resolved": "https://registry.npmmirror.com/lodash-es/-/lodash-es-4.17.21.tgz",
      "integrity": "sha512-mKnC+QJ9pWVzv+C4/U3rRsHapFfHvQFoFB92e52xeyGMcX6/OlIl78je1u8vePzYZSkkogMPJ2yjxxsb89cxyw==",
      "license": "MIT"
    },
    "node_modules/loose-envify": {
      "version": "1.4.0",
      "resolved": "https://registry.npmmirror.com/loose-envify/-/loose-envify-1.4.0.tgz",
      "integrity": "sha512-lyuxPGr/Wfhrlem2CL/UcnUc1zcqKAImBDzukY7Y5F/yQiNdko6+fRLevlw1HgMySw7f611UIY408EtxRSoK3Q==",
      "license": "MIT",
      "peer": true,
      "dependencies": {
        "js-tokens": "^3.0.0 || ^4.0.0"
      },
      "bin": {
        "loose-envify": "cli.js"
      }
    },
    "node_modules/marked": {
      "version": "14.1.3",
      "resolved": "https://registry.npmmirror.com/marked/-/marked-14.1.3.tgz",
      "integrity": "sha512-ZibJqTULGlt9g5k4VMARAktMAjXoVnnr+Y3aCqW1oDftcV4BA3UmrBifzXoZyenHRk75csiPu9iwsTj4VNBT0g==",
      "license": "MIT",
      "bin": {
        "marked": "bin/marked.js"
      },
      "engines": {
        "node": ">= 18"
      }
    },
    "node_modules/mime-db": {
      "version": "1.52.0",
      "resolved": "https://registry.npmmirror.com/mime-db/-/mime-db-1.52.0.tgz",
      "integrity": "sha512-sPU4uV7dYlvtWJxwwxHD0PuihVNiE7TyAbQ5SWxDCB9mUYvOgroQOwYQQOKPJ8CIbE+1ETVlOoK1UC2nU3gYvg==",
      "engines": {
        "node": ">= 0.6"
      }
    },
    "node_modules/mime-types": {
      "version": "2.1.35",
      "resolved": "https://registry.npmmirror.com/mime-types/-/mime-types-2.1.35.tgz",
      "integrity": "sha512-ZDY+bPm5zTTF+YpCrAU9nK0UgICYPT0QtT1NZWFv4s++TNkcgVaT0g6+4R2uI4MjQjzysHB1zxuWL50hzaeXiw==",
      "dependencies": {
        "mime-db": "1.52.0"
      },
      "engines": {
        "node": ">= 0.6"
      }
    },
    "node_modules/minimist": {
      "version": "1.2.8",
      "resolved": "https://registry.npmmirror.com/minimist/-/minimist-1.2.8.tgz",
      "integrity": "sha512-2yyAR8qBkN3YuheJanUpWC5U3bb5osDywNB8RzDVlDwDHbocAJveqqj1u8+SVD7jkWT4yvsHCpWqqWqAxb0zCA==",
      "license": "MIT",
      "funding": {
        "url": "https://github.com/sponsors/ljharb"
      }
    },
    "node_modules/ms": {
      "version": "2.1.3",
      "resolved": "https://registry.npmmirror.com/ms/-/ms-2.1.3.tgz",
      "integrity": "sha512-6FlzubTLZG3J2a/NVCAleEhjzq5oxgHyaCU9yYXvcLsvoVaHJq/s5xXI6/XXP6tz7R9xAOtHnSO/tXtF3WRTlA=="
    },
    "node_modules/node-domexception": {
      "version": "1.0.0",
      "resolved": "https://registry.npmmirror.com/node-domexception/-/node-domexception-1.0.0.tgz",
      "integrity": "sha512-/jKZoMpw0F8GRwl4/eLROPA3cfcXtLApP0QzLmUT/HuPCZWyB7IY9ZrMeKw2O/nFIqPQB3PVM9aYm0F312AXDQ==",
      "funding": [
        {
          "type": "github",
          "url": "https://github.com/sponsors/jimmywarting"
        },
        {
          "type": "github",
          "url": "https://paypal.me/jimmywarting"
        }
      ],
      "engines": {
        "node": ">=10.5.0"
      }
    },
    "node_modules/node-fetch": {
      "version": "2.7.0",
      "resolved": "https://registry.npmmirror.com/node-fetch/-/node-fetch-2.7.0.tgz",
      "integrity": "sha512-c4FRfUm/dbcWZ7U+1Wq0AwCyFL+3nt2bEw05wfxSz+DWpWsitgmSgYmy2dQdWyKC1694ELPqMs/YzUSNozLt8A==",
      "dependencies": {
        "whatwg-url": "^5.0.0"
      },
      "engines": {
        "node": "4.x || >=6.0.0"
      },
      "peerDependencies": {
        "encoding": "^0.1.0"
      },
      "peerDependenciesMeta": {
        "encoding": {
          "optional": true
        }
      }
    },
    "node_modules/node-html-parser": {
      "version": "6.1.13",
      "resolved": "https://registry.npmmirror.com/node-html-parser/-/node-html-parser-6.1.13.tgz",
      "integrity": "sha512-qIsTMOY4C/dAa5Q5vsobRpOOvPfC4pB61UVW2uSwZNUp0QU/jCekTal1vMmbO0DgdHeLUJpv/ARmDqErVxA3Sg==",
      "license": "MIT",
      "dependencies": {
        "css-select": "^5.1.0",
        "he": "1.2.0"
      }
    },
    "node_modules/nth-check": {
      "version": "2.1.1",
      "resolved": "https://registry.npmmirror.com/nth-check/-/nth-check-2.1.1.tgz",
      "integrity": "sha512-lqjrjmaOoAnWfMmBPL+XNnynZh2+swxiX3WUE0s4yEHI6m+AwrK2UZOimIRl3X/4QctVqS8AiZjFqyOGrMXb/w==",
      "license": "BSD-2-Clause",
      "dependencies": {
        "boolbase": "^1.0.0"
      },
      "funding": {
        "url": "https://github.com/fb55/nth-check?sponsor=1"
      }
    },
    "node_modules/openai": {
      "version": "4.67.3",
      "resolved": "https://registry.npmmirror.com/openai/-/openai-4.67.3.tgz",
      "integrity": "sha512-HT2tZgjLgRqbLQNKmYtjdF/4TQuiBvg1oGvTDhwpSEQzxo6/oM1us8VQ53vBK2BiKvCxFuq6gKGG70qfwrNhKg==",
      "dependencies": {
        "@types/node": "^18.11.18",
        "@types/node-fetch": "^2.6.4",
        "abort-controller": "^3.0.0",
        "agentkeepalive": "^4.2.1",
        "form-data-encoder": "1.7.2",
        "formdata-node": "^4.3.2",
        "node-fetch": "^2.6.7"
      },
      "bin": {
        "openai": "bin/cli"
      },
      "peerDependencies": {
        "zod": "^3.23.8"
      },
      "peerDependenciesMeta": {
        "zod": {
          "optional": true
        }
      }
    },
    "node_modules/path-browserify": {
      "version": "1.0.1",
      "resolved": "https://registry.npmmirror.com/path-browserify/-/path-browserify-1.0.1.tgz",
      "integrity": "sha512-b7uo2UCUOYZcnF/3ID0lulOJi/bafxa1xPe7ZPsammBSpjSWQkjNxlt635YGS2MiR9GjvuXCtz2emr3jbsz98g==",
      "license": "MIT"
    },
    "node_modules/querystringify": {
      "version": "2.2.0",
      "resolved": "https://registry.npmmirror.com/querystringify/-/querystringify-2.2.0.tgz",
      "integrity": "sha512-FIqgj2EUvTa7R50u0rGsyTftzjYmv/a3hO345bZNrqabNqjtgiDMgmo4mkUjd+nzU5oF3dClKqFIPUKybUyqoQ==",
      "license": "MIT"
    },
    "node_modules/react": {
      "version": "18.3.1",
      "resolved": "https://registry.npmmirror.com/react/-/react-18.3.1.tgz",
      "integrity": "sha512-wS+hAgJShR0KhEvPJArfuPVN1+Hz1t0Y6n5jLrGQbkb4urgPE/0Rve+1kMB1v/oWgHgm4WIcV+i7F2pTVj+2iQ==",
      "license": "MIT",
      "peer": true,
      "dependencies": {
        "loose-envify": "^1.1.0"
      },
      "engines": {
        "node": ">=0.10.0"
      }
    },
    "node_modules/react-is": {
      "version": "18.3.1",
      "resolved": "https://registry.npmmirror.com/react-is/-/react-is-18.3.1.tgz",
      "integrity": "sha512-/LLMVyas0ljjAtoYiPqYiL8VWXzUUdThrmU5+n20DZv+a+ClRoevUzw5JxU+Ieh5/c87ytoTBV9G1FiKfNJdmg==",
      "license": "MIT"
    },
    "node_modules/require-from-string": {
      "version": "2.0.2",
      "resolved": "https://registry.npmmirror.com/require-from-string/-/require-from-string-2.0.2.tgz",
      "integrity": "sha512-Xf0nWe6RseziFMu+Ap9biiUbmplq6S9/p+7w7YXP/JBHhrUDDUhwa+vANyubuqfZWTveU//DYVGsDG7RKL/vEw==",
      "license": "MIT",
      "engines": {
        "node": ">=0.10.0"
      }
    },
    "node_modules/requires-port": {
      "version": "1.0.0",
      "resolved": "https://registry.npmmirror.com/requires-port/-/requires-port-1.0.0.tgz",
      "integrity": "sha512-KigOCHcocU3XODJxsu8i/j8T9tzT4adHiecwORRQ0ZZFcp7ahwXuRU1m+yuO90C5ZUyGeGfocHDI14M3L3yDAQ==",
      "license": "MIT"
    },
    "node_modules/tr46": {
      "version": "0.0.3",
      "resolved": "https://registry.npmmirror.com/tr46/-/tr46-0.0.3.tgz",
      "integrity": "sha512-N3WMsuqV66lT30CrXNbEjx4GEwlow3v6rr4mCcv6prnfwhS01rkgyFdjPNBYd9br7LpXV1+Emh01fHnq2Gdgrw=="
    },
    "node_modules/underscore": {
      "version": "1.13.7",
      "resolved": "https://registry.npmmirror.com/underscore/-/underscore-1.13.7.tgz",
      "integrity": "sha512-GMXzWtsc57XAtguZgaQViUOzs0KTkk8ojr3/xAxXLITqf/3EMwxC0inyETfDFjH/Krbhuep0HNbbjI9i/q3F3g==",
      "license": "MIT"
    },
    "node_modules/undici-types": {
      "version": "5.26.5",
      "resolved": "https://registry.npmmirror.com/undici-types/-/undici-types-5.26.5.tgz",
      "integrity": "sha512-JlCMO+ehdEIKqlFxk6IfVoAUVmgz7cU7zD/h9XZ0qzeosSHmUJVOzSQvvYSYWXkFXC+IfLKSIffhv0sVZup6pA=="
    },
    "node_modules/url-parse": {
      "version": "1.5.10",
      "resolved": "https://registry.npmmirror.com/url-parse/-/url-parse-1.5.10.tgz",
      "integrity": "sha512-WypcfiRhfeUP9vvF0j6rw0J3hrWrw6iZv3+22h6iRMJ/8z1Tj6XfLP4DsUix5MhMPnXpiHDoKyoZ/bdCkwBCiQ==",
      "license": "MIT",
      "dependencies": {
        "querystringify": "^2.1.1",
        "requires-port": "^1.0.0"
      }
    },
    "node_modules/validate.io-array": {
      "version": "1.0.6",
      "resolved": "https://registry.npmmirror.com/validate.io-array/-/validate.io-array-1.0.6.tgz",
      "integrity": "sha512-DeOy7CnPEziggrOO5CZhVKJw6S3Yi7e9e65R1Nl/RTN1vTQKnzjfvks0/8kQ40FP/dsjRAOd4hxmJ7uLa6vxkg==",
      "license": "MIT"
    },
    "node_modules/validate.io-function": {
      "version": "1.0.2",
      "resolved": "https://registry.npmmirror.com/validate.io-function/-/validate.io-function-1.0.2.tgz",
      "integrity": "sha512-LlFybRJEriSuBnUhQyG5bwglhh50EpTL2ul23MPIuR1odjO7XaMLFV8vHGwp7AZciFxtYOeiSCT5st+XSPONiQ=="
    },
    "node_modules/validate.io-integer": {
      "version": "1.0.5",
      "resolved": "https://registry.npmmirror.com/validate.io-integer/-/validate.io-integer-1.0.5.tgz",
      "integrity": "sha512-22izsYSLojN/P6bppBqhgUDjCkr5RY2jd+N2a3DCAUey8ydvrZ/OkGvFPR7qfOpwR2LC5p4Ngzxz36g5Vgr/hQ==",
      "dependencies": {
        "validate.io-number": "^1.0.3"
      }
    },
    "node_modules/validate.io-integer-array": {
      "version": "1.0.0",
      "resolved": "https://registry.npmmirror.com/validate.io-integer-array/-/validate.io-integer-array-1.0.0.tgz",
      "integrity": "sha512-mTrMk/1ytQHtCY0oNO3dztafHYyGU88KL+jRxWuzfOmQb+4qqnWmI+gykvGp8usKZOM0H7keJHEbRaFiYA0VrA==",
      "dependencies": {
        "validate.io-array": "^1.0.3",
        "validate.io-integer": "^1.0.4"
      }
    },
    "node_modules/validate.io-number": {
      "version": "1.0.3",
      "resolved": "https://registry.npmmirror.com/validate.io-number/-/validate.io-number-1.0.3.tgz",
      "integrity": "sha512-kRAyotcbNaSYoDnXvb4MHg/0a1egJdLwS6oJ38TJY7aw9n93Fl/3blIXdyYvPOp55CNxywooG/3BcrwNrBpcSg=="
    },
    "node_modules/web-streams-polyfill": {
      "version": "4.0.0-beta.3",
      "resolved": "https://registry.npmmirror.com/web-streams-polyfill/-/web-streams-polyfill-4.0.0-beta.3.tgz",
      "integrity": "sha512-QW95TCTaHmsYfHDybGMwO5IJIM93I/6vTRk+daHTWFPhwh+C8Cg7j7XyKrwrj8Ib6vYXe0ocYNrmzY4xAAN6ug==",
      "engines": {
        "node": ">= 14"
      }
    },
    "node_modules/webidl-conversions": {
      "version": "3.0.1",
      "resolved": "https://registry.npmmirror.com/webidl-conversions/-/webidl-conversions-3.0.1.tgz",
      "integrity": "sha512-2JAn3z8AR6rjK8Sm8orRC0h/bcl/DqL7tRPdGZ4I1CjdF+EaMLmYxBHyXuKL849eucPFhvBoxMsflfOb8kxaeQ=="
    },
    "node_modules/whatwg-url": {
      "version": "5.0.0",
      "resolved": "https://registry.npmmirror.com/whatwg-url/-/whatwg-url-5.0.0.tgz",
      "integrity": "sha512-saE57nupxk6v3HY35+jzBwYa0rKSy0XR8JSxZPwgLr7ys0IBzhGviA1/TUGJLmSVqs8pb9AnvICXEuOHLprYTw==",
      "dependencies": {
        "tr46": "~0.0.3",
        "webidl-conversions": "^3.0.0"
      }
    },
    "node_modules/ws": {
      "version": "8.18.0",
      "resolved": "https://registry.npmmirror.com/ws/-/ws-8.18.0.tgz",
      "integrity": "sha512-8VbfWfHLbbwu3+N6OKsOMpBdT4kXPDDB9cJk2bJ6mh9ucxdlnNvH1e+roYkKmN9Nxw2yjz7VzeO9oOz2zJ04Pw==",
      "license": "MIT",
      "engines": {
        "node": ">=10.0.0"
      },
      "peerDependencies": {
        "bufferutil": "^4.0.1",
        "utf-8-validate": ">=5.0.2"
      },
      "peerDependenciesMeta": {
        "bufferutil": {
          "optional": true
        },
        "utf-8-validate": {
          "optional": true
        }
      }
    },
    "node_modules/y-protocols": {
      "version": "1.0.6",
      "resolved": "https://registry.npmmirror.com/y-protocols/-/y-protocols-1.0.6.tgz",
      "integrity": "sha512-vHRF2L6iT3rwj1jub/K5tYcTT/mEYDUppgNPXwp8fmLpui9f7Yeq3OEtTLVF012j39QnV+KEQpNqoN7CWU7Y9Q==",
      "license": "MIT",
      "dependencies": {
        "lib0": "^0.2.85"
      },
      "engines": {
        "node": ">=16.0.0",
        "npm": ">=8.0.0"
      },
      "funding": {
        "type": "GitHub Sponsors ❤",
        "url": "https://github.com/sponsors/dmonad"
      },
      "peerDependencies": {
        "yjs": "^13.0.0"
      }
    },
    "node_modules/yjs": {
      "version": "13.6.20",
      "resolved": "https://registry.npmmirror.com/yjs/-/yjs-13.6.20.tgz",
      "integrity": "sha512-Z2YZI+SYqK7XdWlloI3lhMiKnCdFCVC4PchpdO+mCYwtiTwncjUbnRK9R1JmkNfdmHyDXuWN3ibJAt0wsqTbLQ==",
      "license": "MIT",
      "dependencies": {
        "lib0": "^0.2.98"
      },
      "engines": {
        "node": ">=16.0.0",
        "npm": ">=8.0.0"
      },
      "funding": {
        "type": "GitHub Sponsors ❤",
        "url": "https://github.com/sponsors/dmonad"
      }
    }
  }
}
